DEPENDENCIES
  php_chef
    path: .
    metadata: true

GRAPH
  7-zip (1.0.2)
    windows (>= 1.2.2)
  apt (2.9.2)
  ark (1.2.0)
    build-essential (>= 0.0.0)
    seven_zip (>= 0.0.0)
    windows (>= 0.0.0)
  bluepill (2.4.3)
    rsyslog (>= 2.0)
  build-essential (2.4.0)
    7-zip (>= 0.0.0)
  chef-sugar (3.4.0)
  chef_gem (0.1.0)
  chef_handler (1.4.0)
  compat_resource (12.10.7)
  composer (2.3.0)
    php (>= 0.0.0)
    windows (>= 0.0.0)
  curl (2.0.1)
  database (5.1.2)
    postgresql (>= 1.0.0)
  dmg (2.4.0)
  git (4.5.0)
    build-essential (>= 0.0.0)
    dmg (>= 0.0.0)
    windows (>= 0.0.0)
    yum-epel (>= 0.0.0)
  homebrew (2.1.0)
    build-essential (>= 2.1.2)
  hostsfile (2.4.5)
  htop (2.0.0)
    yum-repoforge (>= 0.0.0)
  iis (4.1.10)
    windows (>= 1.34.6)
  java (1.41.0)
    apt (>= 0.0.0)
    homebrew (>= 0.0.0)
    windows (>= 0.0.0)
  locale (1.1.0)
  lxmx_oh_my_zsh (0.5.0)
    ark (>= 0.0.0)
    user (>= 0.0.0)
    zsh (>= 0.0.0)
  mariadb (0.3.1)
    apt (>= 0.0.0)
    yum (>= 0.0.0)
    yum-epel (>= 0.0.0)
  multipackage (3.0.28)
    compat_resource (>= 0.0.0)
  mysql (8.0.1)
  mysql2_chef_gem (0.1.0)
    build-essential (>= 0.0.0)
    mariadb (>= 0.0.0)
    mysql (>= 0.0.0)
  nginx (2.7.6)
    apt (~> 2.2)
    bluepill (~> 2.3)
    build-essential (~> 2.0)
    ohai (~> 2.0)
    runit (~> 1.2)
    yum-epel (~> 0.3)
  nodejs (2.4.4)
    apt (>= 0.0.0)
    ark (>= 0.0.0)
    build-essential (>= 0.0.0)
    homebrew (>= 0.0.0)
    yum-epel (>= 0.0.0)
  ohai (2.1.0)
  openssl (4.4.0)
    chef-sugar (>= 3.1.1)
  packagecloud (0.2.4)
  php (1.9.0)
    build-essential (>= 0.0.0)
    iis (>= 0.0.0)
    mysql (>= 6.0.0)
    windows (>= 1.39.1)
    xml (>= 0.0.0)
    yum-epel (>= 0.0.0)
  php_chef (1.0.0)
    apt (>= 0.0.0)
    composer (~> 2.3.0)
    curl (>= 0.0.0)
    database (~> 5.1.2)
    git (~> 4.5.0)
    hostsfile (~> 2.4.5)
    htop (~> 2.0.0)
    locale (~> 1.1.0)
    lxmx_oh_my_zsh (~> 0.5.0)
    mariadb (~> 0.3.1)
    mysql2_chef_gem (= 0.1.0)
    nginx (~> 2.7.6)
    nodejs (~> 2.4.4)
    php (~> 1.9.0)
    postgresql (~> 4.0.6)
    rvm (~> 0.9.4)
    tmux (~> 1.5.0)
    user (~> 0.4.2)
    vim (~> 2.0.1)
    zlib (>= 0.0.0)
    zsh (~> 2.0.0)
  postgresql (4.0.6)
    apt (>= 1.9.0)
    build-essential (>= 0.0.0)
    openssl (~> 4.0)
  rsyslog (4.0.1)
    compat_resource (>= 0.0.0)
  runit (1.8.0)
    packagecloud (>= 0.0.0)
    yum-epel (>= 0.0.0)
  rvm (0.9.4)
    chef_gem (>= 0.0.0)
    java (>= 0.0.0)
  seven_zip (2.0.1)
    windows (>= 1.2.2)
  tmux (1.5.0)
  user (0.4.2)
  vim (2.0.1)
  windows (1.44.1)
    chef_handler (>= 0.0.0)
  xml (2.0.0)
    build-essential (>= 0.0.0)
    chef-sugar (>= 0.0.0)
  yum (3.11.0)
  yum-epel (0.7.0)
    yum (>= 3.6.3)
  yum-repoforge (0.7.0)
    yum (~> 3.2)
    yum-epel (>= 0.0.0)
  zlib (2.0.2)
  zsh (2.0.0)
    multipackage (~> 3.0)
